// !$*UTF8*$!
{
	archiveVersion = 1;
	classes = {
	};
	objectVersion = 56;
	objects = {

/* Begin PBXBuildFile section */
		CC07401B28F7452F00C6F816 /* NotesCell.swift in Sources */ = {isa = PBXBuildFile; fileRef = CC07401928F7452F00C6F816 /* NotesCell.swift */; };
		CC07401C28F7452F00C6F816 /* NotesCell.xib in Resources */ = {isa = PBXBuildFile; fileRef = CC07401A28F7452F00C6F816 /* NotesCell.xib */; };
		CC07402028F74FCF00C6F816 /* NotesViewController.swift in Sources */ = {isa = PBXBuildFile; fileRef = CC07401E28F74FCF00C6F816 /* NotesViewController.swift */; };
		CC07402128F74FCF00C6F816 /* NotesViewController.xib in Resources */ = {isa = PBXBuildFile; fileRef = CC07401F28F74FCF00C6F816 /* NotesViewController.xib */; };
		CC5DB59628FC34C80041CC25 /* RealmSwift in Frameworks */ = {isa = PBXBuildFile; productRef = CC5DB59528FC34C80041CC25 /* RealmSwift */; };
		CC5DB59828FDDF290041CC25 /* ModuleBuilder.swift in Sources */ = {isa = PBXBuildFile; fileRef = CC5DB59728FDDF290041CC25 /* ModuleBuilder.swift */; };
		CC5DB59A28FDE17F0041CC25 /* Presenter.swift in Sources */ = {isa = PBXBuildFile; fileRef = CC5DB59928FDE17F0041CC25 /* Presenter.swift */; };
		CC5DB59C28FDE2C30041CC25 /* Router.swift in Sources */ = {isa = PBXBuildFile; fileRef = CC5DB59B28FDE2C30041CC25 /* Router.swift */; };
		CC5DB59E28FDE92A0041CC25 /* NotesPresenter.swift in Sources */ = {isa = PBXBuildFile; fileRef = CC5DB59D28FDE92A0041CC25 /* NotesPresenter.swift */; };
		CC9EC23728FDF4AC00890D4E /* RealmProvaider.swift in Sources */ = {isa = PBXBuildFile; fileRef = CC9EC23628FDF4AC00890D4E /* RealmProvaider.swift */; };
		CC9EC23928FDF88B00890D4E /* RealmNotesList.swift in Sources */ = {isa = PBXBuildFile; fileRef = CC9EC23828FDF88B00890D4E /* RealmNotesList.swift */; };
		CCBFD17428F607B9008CC4AA /* AppDelegate.swift in Sources */ = {isa = PBXBuildFile; fileRef = CCBFD17328F607B9008CC4AA /* AppDelegate.swift */; };
		CCBFD17628F607B9008CC4AA /* SceneDelegate.swift in Sources */ = {isa = PBXBuildFile; fileRef = CCBFD17528F607B9008CC4AA /* SceneDelegate.swift */; };
		CCBFD17828F607B9008CC4AA /* ViewController.swift in Sources */ = {isa = PBXBuildFile; fileRef = CCBFD17728F607B9008CC4AA /* ViewController.swift */; };
		CCBFD17B28F607B9008CC4AA /* Main.storyboard in Resources */ = {isa = PBXBuildFile; fileRef = CCBFD17928F607B9008CC4AA /* Main.storyboard */; };
		CCBFD17D28F607BB008CC4AA /* Assets.xcassets in Resources */ = {isa = PBXBuildFile; fileRef = CCBFD17C28F607BB008CC4AA /* Assets.xcassets */; };
		CCBFD18028F607BB008CC4AA /* LaunchScreen.storyboard in Resources */ = {isa = PBXBuildFile; fileRef = CCBFD17E28F607BB008CC4AA /* LaunchScreen.storyboard */; };
/* End PBXBuildFile section */

/* Begin PBXFileReference section */
		CC07401928F7452F00C6F816 /* NotesCell.swift */ = {isa = PBXFileReference; lastKnownFileType = sourcecode.swift; path = NotesCell.swift; sourceTree = "<group>"; };
		CC07401A28F7452F00C6F816 /* NotesCell.xib */ = {isa = PBXFileReference; lastKnownFileType = file.xib; path = NotesCell.xib; sourceTree = "<group>"; };
		CC07401E28F74FCF00C6F816 /* NotesViewController.swift */ = {isa = PBXFileReference; lastKnownFileType = sourcecode.swift; path = NotesViewController.swift; sourceTree = "<group>"; };
		CC07401F28F74FCF00C6F816 /* NotesViewController.xib */ = {isa = PBXFileReference; lastKnownFileType = file.xib; path = NotesViewController.xib; sourceTree = "<group>"; };
		CC5DB59728FDDF290041CC25 /* ModuleBuilder.swift */ = {isa = PBXFileReference; lastKnownFileType = sourcecode.swift; path = ModuleBuilder.swift; sourceTree = "<group>"; };
		CC5DB59928FDE17F0041CC25 /* Presenter.swift */ = {isa = PBXFileReference; lastKnownFileType = sourcecode.swift; path = Presenter.swift; sourceTree = "<group>"; };
		CC5DB59B28FDE2C30041CC25 /* Router.swift */ = {isa = PBXFileReference; lastKnownFileType = sourcecode.swift; path = Router.swift; sourceTree = "<group>"; };
		CC5DB59D28FDE92A0041CC25 /* NotesPresenter.swift */ = {isa = PBXFileReference; lastKnownFileType = sourcecode.swift; path = NotesPresenter.swift; sourceTree = "<group>"; };
		CC9EC23628FDF4AC00890D4E /* RealmProvaider.swift */ = {isa = PBXFileReference; lastKnownFileType = sourcecode.swift; path = RealmProvaider.swift; sourceTree = "<group>"; };
		CC9EC23828FDF88B00890D4E /* RealmNotesList.swift */ = {isa = PBXFileReference; lastKnownFileType = sourcecode.swift; path = RealmNotesList.swift; sourceTree = "<group>"; };
		CCBFD17028F607B9008CC4AA /* Notes.app */ = {isa = PBXFileReference; explicitFileType = wrapper.application; includeInIndex = 0; path = Notes.app; sourceTree = BUILT_PRODUCTS_DIR; };
		CCBFD17328F607B9008CC4AA /* AppDelegate.swift */ = {isa = PBXFileReference; lastKnownFileType = sourcecode.swift; path = AppDelegate.swift; sourceTree = "<group>"; };
		CCBFD17528F607B9008CC4AA /* SceneDelegate.swift */ = {isa = PBXFileReference; lastKnownFileType = sourcecode.swift; path = SceneDelegate.swift; sourceTree = "<group>"; };
		CCBFD17728F607B9008CC4AA /* ViewController.swift */ = {isa = PBXFileReference; lastKnownFileType = sourcecode.swift; path = ViewController.swift; sourceTree = "<group>"; };
		CCBFD17A28F607B9008CC4AA /* Base */ = {isa = PBXFileReference; lastKnownFileType = file.storyboard; name = Base; path = Base.lproj/Main.storyboard; sourceTree = "<group>"; };
		CCBFD17C28F607BB008CC4AA /* Assets.xcassets */ = {isa = PBXFileReference; lastKnownFileType = folder.assetcatalog; path = Assets.xcassets; sourceTree = "<group>"; };
		CCBFD17F28F607BB008CC4AA /* Base */ = {isa = PBXFileReference; lastKnownFileType = file.storyboard; name = Base; path = Base.lproj/LaunchScreen.storyboard; sourceTree = "<group>"; };
		CCBFD18128F607BB008CC4AA /* Info.plist */ = {isa = PBXFileReference; lastKnownFileType = text.plist.xml; path = Info.plist; sourceTree = "<group>"; };
/* End PBXFileReference section */

/* Begin PBXFrameworksBuildPhase section */
		CCBFD16D28F607B9008CC4AA /* Frameworks */ = {
			isa = PBXFrameworksBuildPhase;
			buildActionMask = 2147483647;
			files = (
				CC5DB59628FC34C80041CC25 /* RealmSwift in Frameworks */,
			);
			runOnlyForDeploymentPostprocessing = 0;
		};
/* End PBXFrameworksBuildPhase section */

/* Begin PBXGroup section */
		CC07401D28F74F5600C6F816 /* NotesCell */ = {
			isa = PBXGroup;
			children = (
				CC07401928F7452F00C6F816 /* NotesCell.swift */,
				CC07401A28F7452F00C6F816 /* NotesCell.xib */,
			);
			path = NotesCell;
			sourceTree = "<group>";
		};
		CC5DB59F28FDEFB90041CC25 /* HomeModule */ = {
			isa = PBXGroup;
			children = (
				CC5DB5A028FDEFCC0041CC25 /* View */,
				CC5DB5A128FDEFD20041CC25 /* Presenter */,
			);
			path = HomeModule;
			sourceTree = "<group>";
		};
		CC5DB5A028FDEFCC0041CC25 /* View */ = {
			isa = PBXGroup;
			children = (
				CCBFD17928F607B9008CC4AA /* Main.storyboard */,
				CCBFD17728F607B9008CC4AA /* ViewController.swift */,
			);
			path = View;
			sourceTree = "<group>";
		};
		CC5DB5A128FDEFD20041CC25 /* Presenter */ = {
			isa = PBXGroup;
			children = (
				CC5DB59928FDE17F0041CC25 /* Presenter.swift */,
			);
			path = Presenter;
			sourceTree = "<group>";
		};
		CC5DB5A228FDEFF60041CC25 /* NotesModule */ = {
			isa = PBXGroup;
			children = (
				CC5DB5A328FDF00C0041CC25 /* View */,
				CC5DB5A428FDF0120041CC25 /* Presenter */,
			);
			path = NotesModule;
			sourceTree = "<group>";
		};
		CC5DB5A328FDF00C0041CC25 /* View */ = {
			isa = PBXGroup;
			children = (
				CC07401E28F74FCF00C6F816 /* NotesViewController.swift */,
				CC07401F28F74FCF00C6F816 /* NotesViewController.xib */,
			);
			path = View;
			sourceTree = "<group>";
		};
		CC5DB5A428FDF0120041CC25 /* Presenter */ = {
			isa = PBXGroup;
			children = (
				CC5DB59D28FDE92A0041CC25 /* NotesPresenter.swift */,
			);
			path = Presenter;
			sourceTree = "<group>";
		};
		CC9EC23A28FDF8C100890D4E /* Services */ = {
			isa = PBXGroup;
			children = (
				CC5DB59B28FDE2C30041CC25 /* Router.swift */,
				CC5DB59728FDDF290041CC25 /* ModuleBuilder.swift */,
				CC9EC23628FDF4AC00890D4E /* RealmProvaider.swift */,
			);
			path = Services;
			sourceTree = "<group>";
		};
		CC9EC23B28FDF8D100890D4E /* Models */ = {
			isa = PBXGroup;
			children = (
				CC9EC23C28FDF8D900890D4E /* RealmModel */,
			);
			path = Models;
			sourceTree = "<group>";
		};
		CC9EC23C28FDF8D900890D4E /* RealmModel */ = {
			isa = PBXGroup;
			children = (
				CC9EC23828FDF88B00890D4E /* RealmNotesList.swift */,
			);
			path = RealmModel;
			sourceTree = "<group>";
		};
		CCBFD16728F607B8008CC4AA = {
			isa = PBXGroup;
			children = (
				CCBFD17228F607B9008CC4AA /* Notes */,
				CCBFD17128F607B9008CC4AA /* Products */,
			);
			sourceTree = "<group>";
		};
		CCBFD17128F607B9008CC4AA /* Products */ = {
			isa = PBXGroup;
			children = (
				CCBFD17028F607B9008CC4AA /* Notes.app */,
			);
			name = Products;
			sourceTree = "<group>";
		};
		CCBFD17228F607B9008CC4AA /* Notes */ = {
			isa = PBXGroup;
			children = (
				CCBFD17328F607B9008CC4AA /* AppDelegate.swift */,
				CCBFD17528F607B9008CC4AA /* SceneDelegate.swift */,
				CC9EC23A28FDF8C100890D4E /* Services */,
				CC9EC23B28FDF8D100890D4E /* Models */,
				CC5DB59F28FDEFB90041CC25 /* HomeModule */,
				CC5DB5A228FDEFF60041CC25 /* NotesModule */,
				CC07401D28F74F5600C6F816 /* NotesCell */,
				CCBFD17C28F607BB008CC4AA /* Assets.xcassets */,
				CCBFD17E28F607BB008CC4AA /* LaunchScreen.storyboard */,
				CCBFD18128F607BB008CC4AA /* Info.plist */,
			);
			path = Notes;
			sourceTree = "<group>";
		};
/* End PBXGroup section */

/* Begin PBXNativeTarget section */
		CCBFD16F28F607B9008CC4AA /* Notes */ = {
			isa = PBXNativeTarget;
			buildConfigurationList = CCBFD18428F607BB008CC4AA /* Build configuration list for PBXNativeTarget "Notes" */;
			buildPhases = (
				CCBFD16C28F607B9008CC4AA /* Sources */,
				CCBFD16D28F607B9008CC4AA /* Frameworks */,
				CCBFD16E28F607B9008CC4AA /* Resources */,
			);
			buildRules = (
			);
			dependencies = (
			);
			name = Notes;
			packageProductDependencies = (
				CC5DB59528FC34C80041CC25 /* RealmSwift */,
			);
			productName = Notes;
			productReference = CCBFD17028F607B9008CC4AA /* Notes.app */;
			productType = "com.apple.product-type.application";
		};
/* End PBXNativeTarget section */

/* Begin PBXProject section */
		CCBFD16828F607B8008CC4AA /* Project object */ = {
			isa = PBXProject;
			attributes = {
				BuildIndependentTargetsInParallel = 1;
				LastSwiftUpdateCheck = 1400;
				LastUpgradeCheck = 1400;
				TargetAttributes = {
					CCBFD16F28F607B9008CC4AA = {
						CreatedOnToolsVersion = 14.0.1;
					};
				};
			};
			buildConfigurationList = CCBFD16B28F607B8008CC4AA /* Build configuration list for PBXProject "Notes" */;
			compatibilityVersion = "Xcode 14.0";
			developmentRegion = en;
			hasScannedForEncodings = 0;
			knownRegions = (
				en,
				Base,
			);
			mainGroup = CCBFD16728F607B8008CC4AA;
			packageReferences = (
				CC5DB59428FC34C80041CC25 /* XCRemoteSwiftPackageReference "realm-swift" */,
			);
			productRefGroup = CCBFD17128F607B9008CC4AA /* Products */;
			projectDirPath = "";
			projectRoot = "";
			targets = (
				CCBFD16F28F607B9008CC4AA /* Notes */,
			);
		};
/* End PBXProject section */

/* Begin PBXResourcesBuildPhase section */
		CCBFD16E28F607B9008CC4AA /* Resources */ = {
			isa = PBXResourcesBuildPhase;
			buildActionMask = 2147483647;
			files = (
				CCBFD18028F607BB008CC4AA /* LaunchScreen.storyboard in Resources */,
				CCBFD17D28F607BB008CC4AA /* Assets.xcassets in Resources */,
				CCBFD17B28F607B9008CC4AA /* Main.storyboard in Resources */,
				CC07401C28F7452F00C6F816 /* NotesCell.xib in Resources */,
				CC07402128F74FCF00C6F816 /* NotesViewController.xib in Resources */,
			);
			runOnlyForDeploymentPostprocessing = 0;
		};
/* End PBXResourcesBuildPhase section */

/* Begin PBXSourcesBuildPhase section */
		CCBFD16C28F607B9008CC4AA /* Sources */ = {
			isa = PBXSourcesBuildPhase;
			buildActionMask = 2147483647;
			files = (
				CC5DB59E28FDE92A0041CC25 /* NotesPresenter.swift in Sources */,
				CC5DB59C28FDE2C30041CC25 /* Router.swift in Sources */,
				CCBFD17828F607B9008CC4AA /* ViewController.swift in Sources */,
				CC5DB59A28FDE17F0041CC25 /* Presenter.swift in Sources */,
				CC9EC23728FDF4AC00890D4E /* RealmProvaider.swift in Sources */,
				CC07402028F74FCF00C6F816 /* NotesViewController.swift in Sources */,
				CCBFD17428F607B9008CC4AA /* AppDelegate.swift in Sources */,
				CC9EC23928FDF88B00890D4E /* RealmNotesList.swift in Sources */,
				CC5DB59828FDDF290041CC25 /* ModuleBuilder.swift in Sources */,
				CCBFD17628F607B9008CC4AA /* SceneDelegate.swift in Sources */,
				CC07401B28F7452F00C6F816 /* NotesCell.swift in Sources */,
			);
			runOnlyForDeploymentPostprocessing = 0;
		};
/* End PBXSourcesBuildPhase section */

/* Begin PBXVariantGroup section */
		CCBFD17928F607B9008CC4AA /* Main.storyboard */ = {
			isa = PBXVariantGroup;
			children = (
				CCBFD17A28F607B9008CC4AA /* Base */,
			);
			name = Main.storyboard;
			sourceTree = "<group>";
		};
		CCBFD17E28F607BB008CC4AA /* LaunchScreen.storyboard */ = {
			isa = PBXVariantGroup;
			children = (
				CCBFD17F28F607BB008CC4AA /* Base */,
			);
			name = LaunchScreen.storyboard;
			sourceTree = "<group>";
		};
/* End PBXVariantGroup section */

/* Begin XCBuildConfiguration section */
		CCBFD18228F607BB008CC4AA /* Debug */ = {
			isa = XCBuildConfiguration;
			buildSettings = {
				ALWAYS_SEARCH_USER_PATHS = NO;
				CLANG_ANALYZER_NONNULL = YES;
				CLANG_ANALYZER_NUMBER_OBJECT_CONVERSION = YES_AGGRESSIVE;
				CLANG_CXX_LANGUAGE_STANDARD = "gnu++20";
				CLANG_ENABLE_MODULES = YES;
				CLANG_ENABLE_OBJC_ARC = YES;
				CLANG_ENABLE_OBJC_WEAK = YES;
				CLANG_WARN_BLOCK_CAPTURE_AUTORELEASING = YES;
				CLANG_WARN_BOOL_CONVERSION = YES;
				CLANG_WARN_COMMA = YES;
				CLANG_WARN_CONSTANT_CONVERSION = YES;
				CLANG_WARN_DEPRECATED_OBJC_IMPLEMENTATIONS = YES;
				CLANG_WARN_DIRECT_OBJC_ISA_USAGE = YES_ERROR;
				CLANG_WARN_DOCUMENTATION_COMMENTS = YES;
				CLANG_WARN_EMPTY_BODY = YES;
				CLANG_WARN_ENUM_CONVERSION = YES;
				CLANG_WARN_INFINITE_RECURSION = YES;
				CLANG_WARN_INT_CONVERSION = YES;
				CLANG_WARN_NON_LITERAL_NULL_CONVERSION = YES;
				CLANG_WARN_OBJC_IMPLICIT_RETAIN_SELF = YES;
				CLANG_WARN_OBJC_LITERAL_CONVERSION = YES;
				CLANG_WARN_OBJC_ROOT_CLASS = YES_ERROR;
				CLANG_WARN_QUOTED_INCLUDE_IN_FRAMEWORK_HEADER = YES;
				CLANG_WARN_RANGE_LOOP_ANALYSIS = YES;
				CLANG_WARN_STRICT_PROTOTYPES = YES;
				CLANG_WARN_SUSPICIOUS_MOVE = YES;
				CLANG_WARN_UNGUARDED_AVAILABILITY = YES_AGGRESSIVE;
				CLANG_WARN_UNREACHABLE_CODE = YES;
				CLANG_WARN__DUPLICATE_METHOD_MATCH = YES;
				COPY_PHASE_STRIP = NO;
				DEBUG_INFORMATION_FORMAT = dwarf;
				ENABLE_STRICT_OBJC_MSGSEND = YES;
				ENABLE_TESTABILITY = YES;
				GCC_C_LANGUAGE_STANDARD = gnu11;
				GCC_DYNAMIC_NO_PIC = NO;
				GCC_NO_COMMON_BLOCKS = YES;
				GCC_OPTIMIZATION_LEVEL = 0;
				GCC_PREPROCESSOR_DEFINITIONS = (
					"DEBUG=1",
					"$(inherited)",
				);
				GCC_WARN_64_TO_32_BIT_CONVERSION = YES;
				GCC_WARN_ABOUT_RETURN_TYPE = YES_ERROR;
				GCC_WARN_UNDECLARED_SELECTOR = YES;
				GCC_WARN_UNINITIALIZED_AUTOS = YES_AGGRESSIVE;
				GCC_WARN_UNUSED_FUNCTION = YES;
				GCC_WARN_UNUSED_VARIABLE = YES;
				IPHONEOS_DEPLOYMENT_TARGET = 16.0;
				MTL_ENABLE_DEBUG_INFO = INCLUDE_SOURCE;
				MTL_FAST_MATH = YES;
				ONLY_ACTIVE_ARCH = YES;
				SDKROOT = iphoneos;
				SWIFT_ACTIVE_COMPILATION_CONDITIONS = DEBUG;
				SWIFT_OPTIMIZATION_LEVEL = "-Onone";
			};
			name = Debug;
		};
		CCBFD18328F607BB008CC4AA /* Release */ = {
			isa = XCBuildConfiguration;
			buildSettings = {
				ALWAYS_SEARCH_USER_PATHS = NO;
				CLANG_ANALYZER_NONNULL = YES;
				CLANG_ANALYZER_NUMBER_OBJECT_CONVERSION = YES_AGGRESSIVE;
				CLANG_CXX_LANGUAGE_STANDARD = "gnu++20";
				CLANG_ENABLE_MODULES = YES;
				CLANG_ENABLE_OBJC_ARC = YES;
				CLANG_ENABLE_OBJC_WEAK = YES;
				CLANG_WARN_BLOCK_CAPTURE_AUTORELEASING = YES;
				CLANG_WARN_BOOL_CONVERSION = YES;
				CLANG_WARN_COMMA = YES;
				CLANG_WARN_CONSTANT_CONVERSION = YES;
				CLANG_WARN_DEPRECATED_OBJC_IMPLEMENTATIONS = YES;
				CLANG_WARN_DIRECT_OBJC_ISA_USAGE = YES_ERROR;
				CLANG_WARN_DOCUMENTATION_COMMENTS = YES;
				CLANG_WARN_EMPTY_BODY = YES;
				CLANG_WARN_ENUM_CONVERSION = YES;
				CLANG_WARN_INFINITE_RECURSION = YES;
				CLANG_WARN_INT_CONVERSION = YES;
				CLANG_WARN_NON_LITERAL_NULL_CONVERSION = YES;
				CLANG_WARN_OBJC_IMPLICIT_RETAIN_SELF = YES;
				CLANG_WARN_OBJC_LITERAL_CONVERSION = YES;
				CLANG_WARN_OBJC_ROOT_CLASS = YES_ERROR;
				CLANG_WARN_QUOTED_INCLUDE_IN_FRAMEWORK_HEADER = YES;
				CLANG_WARN_RANGE_LOOP_ANALYSIS = YES;
				CLANG_WARN_STRICT_PROTOTYPES = YES;
				CLANG_WARN_SUSPICIOUS_MOVE = YES;
				CLANG_WARN_UNGUARDED_AVAILABILITY = YES_AGGRESSIVE;
				CLANG_WARN_UNREACHABLE_CODE = YES;
				CLANG_WARN__DUPLICATE_METHOD_MATCH = YES;
				COPY_PHASE_STRIP = NO;
				DEBUG_INFORMATION_FORMAT = "dwarf-with-dsym";
				ENABLE_NS_ASSERTIONS = NO;
				ENABLE_STRICT_OBJC_MSGSEND = YES;
				GCC_C_LANGUAGE_STANDARD = gnu11;
				GCC_NO_COMMON_BLOCKS = YES;
				GCC_WARN_64_TO_32_BIT_CONVERSION = YES;
				GCC_WARN_ABOUT_RETURN_TYPE = YES_ERROR;
				GCC_WARN_UNDECLARED_SELECTOR = YES;
				GCC_WARN_UNINITIALIZED_AUTOS = YES_AGGRESSIVE;
				GCC_WARN_UNUSED_FUNCTION = YES;
				GCC_WARN_UNUSED_VARIABLE = YES;
				IPHONEOS_DEPLOYMENT_TARGET = 16.0;
				MTL_ENABLE_DEBUG_INFO = NO;
				MTL_FAST_MATH = YES;
				SDKROOT = iphoneos;
				SWIFT_COMPILATION_MODE = wholemodule;
				SWIFT_OPTIMIZATION_LEVEL = "-O";
				VALIDATE_PRODUCT = YES;
			};
			name = Release;
		};
		CCBFD18528F607BB008CC4AA /* Debug */ = {
			isa = XCBuildConfiguration;
			buildSettings = {
				ASSETCATALOG_COMPILER_APPICON_NAME = AppIcon;
				ASSETCATALOG_COMPILER_GLOBAL_ACCENT_COLOR_NAME = AccentColor;
				CODE_SIGN_STYLE = Automatic;
				CURRENT_PROJECT_VERSION = 1;
				GENERATE_INFOPLIST_FILE = YES;
				INFOPLIST_FILE = Notes/Info.plist;
				INFOPLIST_KEY_UIApplicationSupportsIndirectInputEvents = YES;
				INFOPLIST_KEY_UILaunchStoryboardName = LaunchScreen;
				INFOPLIST_KEY_UIMainStoryboardFile = Main;
				INFOPLIST_KEY_UISupportedInterfaceOrientations_iPad = "UIInterfaceOrientationPortrait UIInterfaceOrientationPortraitUpsideDown UIInterfaceOrientationLandscapeLeft UIInterfaceOrientationLandscapeRight";
				INFOPLIST_KEY_UISupportedInterfaceOrientations_iPhone = "UIInterfaceOrientationPortrait UIInterfaceOrientationLandscapeLeft UIInterfaceOrientationLandscapeRight";
				LD_RUNPATH_SEARCH_PATHS = (
					"$(inherited)",
					"@executable_path/Frameworks",
				);
				MARKETING_VERSION = 1.0;
				PRODUCT_BUNDLE_IDENTIFIER = com.nataliyaDrozd.Notes;
				PRODUCT_NAME = "$(TARGET_NAME)";
				SWIFT_EMIT_LOC_STRINGS = YES;
				SWIFT_VERSION = 5.0;
				TARGETED_DEVICE_FAMILY = "1,2";
			};
			name = Debug;
		};
		CCBFD18628F607BB008CC4AA /* Release */ = {
			isa = XCBuildConfiguration;
			buildSettings = {
				ASSETCATALOG_COMPILER_APPICON_NAME = AppIcon;
				ASSETCATALOG_COMPILER_GLOBAL_ACCENT_COLOR_NAME = AccentColor;
				CODE_SIGN_STYLE = Automatic;
				CURRENT_PROJECT_VERSION = 1;
				GENERATE_INFOPLIST_FILE = YES;
				INFOPLIST_FILE = Notes/Info.plist;
				INFOPLIST_KEY_UIApplicationSupportsIndirectInputEvents = YES;
				INFOPLIST_KEY_UILaunchStoryboardName = LaunchScreen;
				INFOPLIST_KEY_UIMainStoryboardFile = Main;
				INFOPLIST_KEY_UISupportedInterfaceOrientations_iPad = "UIInterfaceOrientationPortrait UIInterfaceOrientationPortraitUpsideDown UIInterfaceOrientationLandscapeLeft UIInterfaceOrientationLandscapeRight";
				INFOPLIST_KEY_UISupportedInterfaceOrientations_iPhone = "UIInterfaceOrientationPortrait UIInterfaceOrientationLandscapeLeft UIInterfaceOrientationLandscapeRight";
				LD_RUNPATH_SEARCH_PATHS = (
					"$(inherited)",
					"@executable_path/Frameworks",
				);
				MARKETING_VERSION = 1.0;
				PRODUCT_BUNDLE_IDENTIFIER = com.nataliyaDrozd.Notes;
				PRODUCT_NAME = "$(TARGET_NAME)";
				SWIFT_EMIT_LOC_STRINGS = YES;
				SWIFT_VERSION = 5.0;
				TARGETED_DEVICE_FAMILY = "1,2";
			};
			name = Release;
		};
/* End XCBuildConfiguration section */

/* Begin XCConfigurationList section */
		CCBFD16B28F607B8008CC4AA /* Build configuration list for PBXProject "Notes" */ = {
			isa = XCConfigurationList;
			buildConfigurations = (
				CCBFD18228F607BB008CC4AA /* Debug */,
				CCBFD18328F607BB008CC4AA /* Release */,
			);
			defaultConfigurationIsVisible = 0;
			defaultConfigurationName = Release;
		};
		CCBFD18428F607BB008CC4AA /* Build configuration list for PBXNativeTarget "Notes" */ = {
			isa = XCConfigurationList;
			buildConfigurations = (
				CCBFD18528F607BB008CC4AA /* Debug */,
				CCBFD18628F607BB008CC4AA /* Release */,
			);
			defaultConfigurationIsVisible = 0;
			defaultConfigurationName = Release;
		};
/* End XCConfigurationList section */

/* Begin XCRemoteSwiftPackageReference section */
		CC5DB59428FC34C80041CC25 /* XCRemoteSwiftPackageReference "realm-swift" */ = {
			isa = XCRemoteSwiftPackageReference;
			repositoryURL = "https://github.com/realm/realm-swift.git";
			requirement = {
				kind = upToNextMajorVersion;
				minimumVersion = 10.32.0;
			};
		};
/* End XCRemoteSwiftPackageReference section */

/* Begin XCSwiftPackageProductDependency section */
		CC5DB59528FC34C80041CC25 /* RealmSwift */ = {
			isa = XCSwiftPackageProductDependency;
			package = CC5DB59428FC34C80041CC25 /* XCRemoteSwiftPackageReference "realm-swift" */;
			productName = RealmSwift;
		};
/* End XCSwiftPackageProductDependency section */
	};
	rootObject = CCBFD16828F607B8008CC4AA /* Project object */;
}
